{
  "name": "cfrec",
  "lockfileVersion": 3,
  "requires": true,
  "packages": {
    "": {
      "dependencies": {
        "@propelauth/javascript": "^2.0.15"
      }
    },
    "node_modules/@propelauth/javascript": {
      "version": "2.0.15",
      "resolved": "https://registry.npmjs.org/@propelauth/javascript/-/javascript-2.0.15.tgz",
      "integrity": "sha512-/9Z/MCPnW20jtBdXXORtZx29eTlnlX7rg+CgTT1rLPQSCf97G/SSZtSDYMFHJXO6BhgMuyHz8uIqVzui77n7kQ=="
    }
  }
}
